
Microsoft Visual Studio Solution File, Format Version 12.00
# Visual Studio Version 16
VisualStudioVersion = 16.0.28407.52
MinimumVisualStudioVersion = 10.0.40219.1
Project("{9A19103F-16F7-4668-BE54-9A1E7A4F7556}") = "FJPH.FileUploader", "FJPH.FileUploader\FJPH.FileUploader.csproj", "{65B2FFC8-94E9-4CFD-979D-2F3D4739C99E}"
EndProject
Project("{9A19103F-16F7-4668-BE54-9A1E7A4F7556}") = "FJPH.MicroService", "FJPH.MicroService\FJPH.MicroService.csproj", "{ACB586ED-6801-4E02-88F0-E80557C76755}"
EndProject
Global
	GlobalSection(SolutionConfigurationPlatforms) = preSolution
		Debug|Any CPU = Debug|Any CPU
		Release|Any CPU = Release|Any CPU
	EndGlobalSection
	GlobalSection(ProjectConfigurationPlatforms) = postSolution
		{65B2FFC8-94E9-4CFD-979D-2F3D4739C99E}.Debug|Any CPU.ActiveCfg = Debug|Any CPU
		{65B2FFC8-94E9-4CFD-979D-2F3D4739C99E}.Debug|Any CPU.Build.0 = Debug|Any CPU
		{65B2FFC8-94E9-4CFD-979D-2F3D4739C99E}.Release|Any CPU.ActiveCfg = Release|Any CPU
		{65B2FFC8-94E9-4CFD-979D-2F3D4739C99E}.Release|Any CPU.Build.0 = Release|Any CPU
		{ACB586ED-6801-4E02-88F0-E80557C76755}.Debug|Any CPU.ActiveCfg = Debug|Any CPU
		{ACB586ED-6801-4E02-88F0-E80557C76755}.Debug|Any CPU.Build.0 = Debug|Any CPU
		{ACB586ED-6801-4E02-88F0-E80557C76755}.Release|Any CPU.ActiveCfg = Release|Any CPU
		{ACB586ED-6801-4E02-88F0-E80557C76755}.Release|Any CPU.Build.0 = Release|Any CPU
	EndGlobalSection
	GlobalSection(SolutionProperties) = preSolution
		HideSolutionNode = FALSE
	EndGlobalSection
	GlobalSection(ExtensibilityGlobals) = postSolution
		SolutionGuid = {20D2F24A-269E-4E76-9F84-BE78533D720A}
	EndGlobalSection
EndGlobal
